
Microsoft Visual Studio Solution File, Format Version 12.00
# Visual Studio 14
VisualStudioVersion = 14.0.25420.1
MinimumVisualStudioVersion = 10.0.40219.1
Project("{FAE04EC0-301F-11D3-BF4B-00C04F79EFBC}") = "SmileXamarinApp", "SmileXamarinApp\SmileXamarinApp\SmileXamarinApp.csproj", "{80C103E7-6A2F-4CB0-A7EA-33C3119DD540}"
EndProject
Project("{FAE04EC0-301F-11D3-BF4B-00C04F79EFBC}") = "SmileXamarinApp.Droid", "SmileXamarinApp\SmileXamarinApp.Droid\SmileXamarinApp.Droid.csproj", "{2B8B9FEE-F5A1-4771-971F-6A3933B0BF6E}"
EndProject
Project("{FAE04EC0-301F-11D3-BF4B-00C04F79EFBC}") = "SmileXamarinApp.iOS", "SmileXamarinApp\SmileXamarinApp.iOS\SmileXamarinApp.iOS.csproj", "{927B1AE2-CFFA-489E-BEC8-6F540764CF23}"
EndProject
Project("{FAE04EC0-301F-11D3-BF4B-00C04F79EFBC}") = "SmileXamarinApp.UWP", "SmileXamarinApp\SmileXamarinApp.UWP\SmileXamarinApp.UWP.csproj", "{77208954-3BCF-4F19-A039-C79DE591C45C}"
EndProject
Global
	GlobalSection(SolutionConfigurationPlatforms) = preSolution
		Ad-Hoc|Any CPU = Ad-Hoc|Any CPU
		Ad-Hoc|ARM = Ad-Hoc|ARM
		Ad-Hoc|iPhone = Ad-Hoc|iPhone
		Ad-Hoc|iPhoneSimulator = Ad-Hoc|iPhoneSimulator
		Ad-Hoc|x64 = Ad-Hoc|x64
		Ad-Hoc|x86 = Ad-Hoc|x86
		AppStore|Any CPU = AppStore|Any CPU
		AppStore|ARM = AppStore|ARM
		AppStore|iPhone = AppStore|iPhone
		AppStore|iPhoneSimulator = AppStore|iPhoneSimulator
		AppStore|x64 = AppStore|x64
		AppStore|x86 = AppStore|x86
		Debug|Any CPU = Debug|Any CPU
		Debug|ARM = Debug|ARM
		Debug|iPhone = Debug|iPhone
		Debug|iPhoneSimulator = Debug|iPhoneSimulator
		Debug|x64 = Debug|x64
		Debug|x86 = Debug|x86
		Release|Any CPU = Release|Any CPU
		Release|ARM = Release|ARM
		Release|iPhone = Release|iPhone
		Release|iPhoneSimulator = Release|iPhoneSimulator
		Release|x64 = Release|x64
		Release|x86 = Release|x86
	EndGlobalSection
	GlobalSection(ProjectConfigurationPlatforms) = postSolution
		{80C103E7-6A2F-4CB0-A7EA-33C3119DD540}.Ad-Hoc|Any CPU.ActiveCfg = Release|Any CPU
		{80C103E7-6A2F-4CB0-A7EA-33C3119DD540}.Ad-Hoc|Any CPU.Build.0 = Release|Any CPU
		{80C103E7-6A2F-4CB0-A7EA-33C3119DD540}.Ad-Hoc|ARM.ActiveCfg = Release|Any CPU
		{80C103E7-6A2F-4CB0-A7EA-33C3119DD540}.Ad-Hoc|ARM.Build.0 = Release|Any CPU
		{80C103E7-6A2F-4CB0-A7EA-33C3119DD540}.Ad-Hoc|iPhone.ActiveCfg = Release|Any CPU
		{80C103E7-6A2F-4CB0-A7EA-33C3119DD540}.Ad-Hoc|iPhone.Build.0 = Release|Any CPU
		{80C103E7-6A2F-4CB0-A7EA-33C3119DD540}.Ad-Hoc|iPhoneSimulator.ActiveCfg = Release|Any CPU
		{80C103E7-6A2F-4CB0-A7EA-33C3119DD540}.Ad-Hoc|iPhoneSimulator.Build.0 = Release|Any CPU
		{80C103E7-6A2F-4CB0-A7EA-33C3119DD540}.Ad-Hoc|x64.ActiveCfg = Release|Any CPU
		{80C103E7-6A2F-4CB0-A7EA-33C3119DD540}.Ad-Hoc|x64.Build.0 = Release|Any CPU
		{80C103E7-6A2F-4CB0-A7EA-33C3119DD540}.Ad-Hoc|x86.ActiveCfg = Release|Any CPU
		{80C103E7-6A2F-4CB0-A7EA-33C3119DD540}.Ad-Hoc|x86.Build.0 = Release|Any CPU
		{80C103E7-6A2F-4CB0-A7EA-33C3119DD540}.AppStore|Any CPU.ActiveCfg = Release|Any CPU
		{80C103E7-6A2F-4CB0-A7EA-33C3119DD540}.AppStore|Any CPU.Build.0 = Release|Any CPU
		{80C103E7-6A2F-4CB0-A7EA-33C3119DD540}.AppStore|ARM.ActiveCfg = Release|Any CPU
		{80C103E7-6A2F-4CB0-A7EA-33C3119DD540}.AppStore|ARM.Build.0 = Release|Any CPU
		{80C103E7-6A2F-4CB0-A7EA-33C3119DD540}.AppStore|iPhone.ActiveCfg = Release|Any CPU
		{80C103E7-6A2F-4CB0-A7EA-33C3119DD540}.AppStore|iPhone.Build.0 = Release|Any CPU
		{80C103E7-6A2F-4CB0-A7EA-33C3119DD540}.AppStore|iPhoneSimulator.ActiveCfg = Release|Any CPU
		{80C103E7-6A2F-4CB0-A7EA-33C3119DD540}.AppStore|iPhoneSimulator.Build.0 = Release|Any CPU
		{80C103E7-6A2F-4CB0-A7EA-33C3119DD540}.AppStore|x64.ActiveCfg = Release|Any CPU
		{80C103E7-6A2F-4CB0-A7EA-33C3119DD540}.AppStore|x64.Build.0 = Release|Any CPU
		{80C103E7-6A2F-4CB0-A7EA-33C3119DD540}.AppStore|x86.ActiveCfg = Release|Any CPU
		{80C103E7-6A2F-4CB0-A7EA-33C3119DD540}.AppStore|x86.Build.0 = Release|Any CPU
		{80C103E7-6A2F-4CB0-A7EA-33C3119DD540}.Debug|Any CPU.ActiveCfg = Debug|Any CPU
		{80C103E7-6A2F-4CB0-A7EA-33C3119DD540}.Debug|Any CPU.Build.0 = Debug|Any CPU
		{80C103E7-6A2F-4CB0-A7EA-33C3119DD540}.Debug|ARM.ActiveCfg = Debug|Any CPU
		{80C103E7-6A2F-4CB0-A7EA-33C3119DD540}.Debug|ARM.Build.0 = Debug|Any CPU
		{80C103E7-6A2F-4CB0-A7EA-33C3119DD540}.Debug|iPhone.ActiveCfg = Debug|Any CPU
		{80C103E7-6A2F-4CB0-A7EA-33C3119DD540}.Debug|iPhone.Build.0 = Debug|Any CPU
		{80C103E7-6A2F-4CB0-A7EA-33C3119DD540}.Debug|iPhoneSimulator.ActiveCfg = Debug|Any CPU
		{80C103E7-6A2F-4CB0-A7EA-33C3119DD540}.Debug|iPhoneSimulator.Build.0 = Debug|Any CPU
		{80C103E7-6A2F-4CB0-A7EA-33C3119DD540}.Debug|x64.ActiveCfg = Debug|Any CPU
		{80C103E7-6A2F-4CB0-A7EA-33C3119DD540}.Debug|x64.Build.0 = Debug|Any CPU
		{80C103E7-6A2F-4CB0-A7EA-33C3119DD540}.Debug|x86.ActiveCfg = Debug|Any CPU
		{80C103E7-6A2F-4CB0-A7EA-33C3119DD540}.Debug|x86.Build.0 = Debug|Any CPU
		{80C103E7-6A2F-4CB0-A7EA-33C3119DD540}.Release|Any CPU.ActiveCfg = Release|Any CPU
		{80C103E7-6A2F-4CB0-A7EA-33C3119DD540}.Release|Any CPU.Build.0 = Release|Any CPU
		{80C103E7-6A2F-4CB0-A7EA-33C3119DD540}.Release|ARM.ActiveCfg = Release|Any CPU
		{80C103E7-6A2F-4CB0-A7EA-33C3119DD540}.Release|ARM.Build.0 = Release|Any CPU
		{80C103E7-6A2F-4CB0-A7EA-33C3119DD540}.Release|iPhone.ActiveCfg = Release|Any CPU
		{80C103E7-6A2F-4CB0-A7EA-33C3119DD540}.Release|iPhone.Build.0 = Release|Any CPU
		{80C103E7-6A2F-4CB0-A7EA-33C3119DD540}.Release|iPhoneSimulator.ActiveCfg = Release|Any CPU
		{80C103E7-6A2F-4CB0-A7EA-33C3119DD540}.Release|iPhoneSimulator.Build.0 = Release|Any CPU
		{80C103E7-6A2F-4CB0-A7EA-33C3119DD540}.Release|x64.ActiveCfg = Release|Any CPU
		{80C103E7-6A2F-4CB0-A7EA-33C3119DD540}.Release|x64.Build.0 = Release|Any CPU
		{80C103E7-6A2F-4CB0-A7EA-33C3119DD540}.Release|x86.ActiveCfg = Release|Any CPU
		{80C103E7-6A2F-4CB0-A7EA-33C3119DD540}.Release|x86.Build.0 = Release|Any CPU
		{2B8B9FEE-F5A1-4771-971F-6A3933B0BF6E}.Ad-Hoc|Any CPU.ActiveCfg = Release|Any CPU
		{2B8B9FEE-F5A1-4771-971F-6A3933B0BF6E}.Ad-Hoc|Any CPU.Build.0 = Release|Any CPU
		{2B8B9FEE-F5A1-4771-971F-6A3933B0BF6E}.Ad-Hoc|Any CPU.Deploy.0 = Release|Any CPU
		{2B8B9FEE-F5A1-4771-971F-6A3933B0BF6E}.Ad-Hoc|ARM.ActiveCfg = Release|Any CPU
		{2B8B9FEE-F5A1-4771-971F-6A3933B0BF6E}.Ad-Hoc|ARM.Build.0 = Release|Any CPU
		{2B8B9FEE-F5A1-4771-971F-6A3933B0BF6E}.Ad-Hoc|ARM.Deploy.0 = Release|Any CPU
		{2B8B9FEE-F5A1-4771-971F-6A3933B0BF6E}.Ad-Hoc|iPhone.ActiveCfg = Release|Any CPU
		{2B8B9FEE-F5A1-4771-971F-6A3933B0BF6E}.Ad-Hoc|iPhone.Build.0 = Release|Any CPU
		{2B8B9FEE-F5A1-4771-971F-6A3933B0BF6E}.Ad-Hoc|iPhone.Deploy.0 = Release|Any CPU
		{2B8B9FEE-F5A1-4771-971F-6A3933B0BF6E}.Ad-Hoc|iPhoneSimulator.ActiveCfg = Release|Any CPU
		{2B8B9FEE-F5A1-4771-971F-6A3933B0BF6E}.Ad-Hoc|iPhoneSimulator.Build.0 = Release|Any CPU
		{2B8B9FEE-F5A1-4771-971F-6A3933B0BF6E}.Ad-Hoc|iPhoneSimulator.Deploy.0 = Release|Any CPU
		{2B8B9FEE-F5A1-4771-971F-6A3933B0BF6E}.Ad-Hoc|x64.ActiveCfg = Release|Any CPU
		{2B8B9FEE-F5A1-4771-971F-6A3933B0BF6E}.Ad-Hoc|x64.Build.0 = Release|Any CPU
		{2B8B9FEE-F5A1-4771-971F-6A3933B0BF6E}.Ad-Hoc|x64.Deploy.0 = Release|Any CPU
		{2B8B9FEE-F5A1-4771-971F-6A3933B0BF6E}.Ad-Hoc|x86.ActiveCfg = Release|Any CPU
		{2B8B9FEE-F5A1-4771-971F-6A3933B0BF6E}.Ad-Hoc|x86.Build.0 = Release|Any CPU
		{2B8B9FEE-F5A1-4771-971F-6A3933B0BF6E}.Ad-Hoc|x86.Deploy.0 = Release|Any CPU
		{2B8B9FEE-F5A1-4771-971F-6A3933B0BF6E}.AppStore|Any CPU.ActiveCfg = Release|Any CPU
		{2B8B9FEE-F5A1-4771-971F-6A3933B0BF6E}.AppStore|Any CPU.Build.0 = Release|Any CPU
		{2B8B9FEE-F5A1-4771-971F-6A3933B0BF6E}.AppStore|Any CPU.Deploy.0 = Release|Any CPU
		{2B8B9FEE-F5A1-4771-971F-6A3933B0BF6E}.AppStore|ARM.ActiveCfg = Release|Any CPU
		{2B8B9FEE-F5A1-4771-971F-6A3933B0BF6E}.AppStore|ARM.Build.0 = Release|Any CPU
		{2B8B9FEE-F5A1-4771-971F-6A3933B0BF6E}.AppStore|ARM.Deploy.0 = Release|Any CPU
		{2B8B9FEE-F5A1-4771-971F-6A3933B0BF6E}.AppStore|iPhone.ActiveCfg = Release|Any CPU
		{2B8B9FEE-F5A1-4771-971F-6A3933B0BF6E}.AppStore|iPhone.Build.0 = Release|Any CPU
		{2B8B9FEE-F5A1-4771-971F-6A3933B0BF6E}.AppStore|iPhone.Deploy.0 = Release|Any CPU
		{2B8B9FEE-F5A1-4771-971F-6A3933B0BF6E}.AppStore|iPhoneSimulator.ActiveCfg = Release|Any CPU
		{2B8B9FEE-F5A1-4771-971F-6A3933B0BF6E}.AppStore|iPhoneSimulator.Build.0 = Release|Any CPU
		{2B8B9FEE-F5A1-4771-971F-6A3933B0BF6E}.AppStore|iPhoneSimulator.Deploy.0 = Release|Any CPU
		{2B8B9FEE-F5A1-4771-971F-6A3933B0BF6E}.AppStore|x64.ActiveCfg = Release|Any CPU
		{2B8B9FEE-F5A1-4771-971F-6A3933B0BF6E}.AppStore|x64.Build.0 = Release|Any CPU
		{2B8B9FEE-F5A1-4771-971F-6A3933B0BF6E}.AppStore|x64.Deploy.0 = Release|Any CPU
		{2B8B9FEE-F5A1-4771-971F-6A3933B0BF6E}.AppStore|x86.ActiveCfg = Release|Any CPU
		{2B8B9FEE-F5A1-4771-971F-6A3933B0BF6E}.AppStore|x86.Build.0 = Release|Any CPU
		{2B8B9FEE-F5A1-4771-971F-6A3933B0BF6E}.AppStore|x86.Deploy.0 = Release|Any CPU
		{2B8B9FEE-F5A1-4771-971F-6A3933B0BF6E}.Debug|Any CPU.ActiveCfg = Debug|Any CPU
		{2B8B9FEE-F5A1-4771-971F-6A3933B0BF6E}.Debug|Any CPU.Build.0 = Debug|Any CPU
		{2B8B9FEE-F5A1-4771-971F-6A3933B0BF6E}.Debug|Any CPU.Deploy.0 = Debug|Any CPU
		{2B8B9FEE-F5A1-4771-971F-6A3933B0BF6E}.Debug|ARM.ActiveCfg = Debug|Any CPU
		{2B8B9FEE-F5A1-4771-971F-6A3933B0BF6E}.Debug|ARM.Build.0 = Debug|Any CPU
		{2B8B9FEE-F5A1-4771-971F-6A3933B0BF6E}.Debug|ARM.Deploy.0 = Debug|Any CPU
		{2B8B9FEE-F5A1-4771-971F-6A3933B0BF6E}.Debug|iPhone.ActiveCfg = Debug|Any CPU
		{2B8B9FEE-F5A1-4771-971F-6A3933B0BF6E}.Debug|iPhone.Build.0 = Debug|Any CPU
		{2B8B9FEE-F5A1-4771-971F-6A3933B0BF6E}.Debug|iPhone.Deploy.0 = Debug|Any CPU
		{2B8B9FEE-F5A1-4771-971F-6A3933B0BF6E}.Debug|iPhoneSimulator.ActiveCfg = Debug|Any CPU
		{2B8B9FEE-F5A1-4771-971F-6A3933B0BF6E}.Debug|iPhoneSimulator.Build.0 = Debug|Any CPU
		{2B8B9FEE-F5A1-4771-971F-6A3933B0BF6E}.Debug|iPhoneSimulator.Deploy.0 = Debug|Any CPU
		{2B8B9FEE-F5A1-4771-971F-6A3933B0BF6E}.Debug|x64.ActiveCfg = Debug|Any CPU
		{2B8B9FEE-F5A1-4771-971F-6A3933B0BF6E}.Debug|x64.Build.0 = Debug|Any CPU
		{2B8B9FEE-F5A1-4771-971F-6A3933B0BF6E}.Debug|x64.Deploy.0 = Debug|Any CPU
		{2B8B9FEE-F5A1-4771-971F-6A3933B0BF6E}.Debug|x86.ActiveCfg = Debug|Any CPU
		{2B8B9FEE-F5A1-4771-971F-6A3933B0BF6E}.Debug|x86.Build.0 = Debug|Any CPU
		{2B8B9FEE-F5A1-4771-971F-6A3933B0BF6E}.Debug|x86.Deploy.0 = Debug|Any CPU
		{2B8B9FEE-F5A1-4771-971F-6A3933B0BF6E}.Release|Any CPU.ActiveCfg = Release|Any CPU
		{2B8B9FEE-F5A1-4771-971F-6A3933B0BF6E}.Release|Any CPU.Build.0 = Release|Any CPU
		{2B8B9FEE-F5A1-4771-971F-6A3933B0BF6E}.Release|Any CPU.Deploy.0 = Release|Any CPU
		{2B8B9FEE-F5A1-4771-971F-6A3933B0BF6E}.Release|ARM.ActiveCfg = Release|Any CPU
		{2B8B9FEE-F5A1-4771-971F-6A3933B0BF6E}.Release|ARM.Build.0 = Release|Any CPU
		{2B8B9FEE-F5A1-4771-971F-6A3933B0BF6E}.Release|ARM.Deploy.0 = Release|Any CPU
		{2B8B9FEE-F5A1-4771-971F-6A3933B0BF6E}.Release|iPhone.ActiveCfg = Release|Any CPU
		{2B8B9FEE-F5A1-4771-971F-6A3933B0BF6E}.Release|iPhone.Build.0 = Release|Any CPU
		{2B8B9FEE-F5A1-4771-971F-6A3933B0BF6E}.Release|iPhone.Deploy.0 = Release|Any CPU
		{2B8B9FEE-F5A1-4771-971F-6A3933B0BF6E}.Release|iPhoneSimulator.ActiveCfg = Release|Any CPU
		{2B8B9FEE-F5A1-4771-971F-6A3933B0BF6E}.Release|iPhoneSimulator.Build.0 = Release|Any CPU
		{2B8B9FEE-F5A1-4771-971F-6A3933B0BF6E}.Release|iPhoneSimulator.Deploy.0 = Release|Any CPU
		{2B8B9FEE-F5A1-4771-971F-6A3933B0BF6E}.Release|x64.ActiveCfg = Release|Any CPU
		{2B8B9FEE-F5A1-4771-971F-6A3933B0BF6E}.Release|x64.Build.0 = Release|Any CPU
		{2B8B9FEE-F5A1-4771-971F-6A3933B0BF6E}.Release|x64.Deploy.0 = Release|Any CPU
		{2B8B9FEE-F5A1-4771-971F-6A3933B0BF6E}.Release|x86.ActiveCfg = Release|Any CPU
		{2B8B9FEE-F5A1-4771-971F-6A3933B0BF6E}.Release|x86.Build.0 = Release|Any CPU
		{2B8B9FEE-F5A1-4771-971F-6A3933B0BF6E}.Release|x86.Deploy.0 = Release|Any CPU
		{927B1AE2-CFFA-489E-BEC8-6F540764CF23}.Ad-Hoc|Any CPU.ActiveCfg = Ad-Hoc|iPhone
		{927B1AE2-CFFA-489E-BEC8-6F540764CF23}.Ad-Hoc|ARM.ActiveCfg = Ad-Hoc|iPhone
		{927B1AE2-CFFA-489E-BEC8-6F540764CF23}.Ad-Hoc|iPhone.ActiveCfg = Ad-Hoc|iPhone
		{927B1AE2-CFFA-489E-BEC8-6F540764CF23}.Ad-Hoc|iPhone.Build.0 = Ad-Hoc|iPhone
		{927B1AE2-CFFA-489E-BEC8-6F540764CF23}.Ad-Hoc|iPhoneSimulator.ActiveCfg = Ad-Hoc|iPhoneSimulator
		{927B1AE2-CFFA-489E-BEC8-6F540764CF23}.Ad-Hoc|iPhoneSimulator.Build.0 = Ad-Hoc|iPhoneSimulator
		{927B1AE2-CFFA-489E-BEC8-6F540764CF23}.Ad-Hoc|x64.ActiveCfg = Ad-Hoc|iPhone
		{927B1AE2-CFFA-489E-BEC8-6F540764CF23}.Ad-Hoc|x86.ActiveCfg = Ad-Hoc|iPhone
		{927B1AE2-CFFA-489E-BEC8-6F540764CF23}.AppStore|Any CPU.ActiveCfg = AppStore|iPhone
		{927B1AE2-CFFA-489E-BEC8-6F540764CF23}.AppStore|ARM.ActiveCfg = AppStore|iPhone
		{927B1AE2-CFFA-489E-BEC8-6F540764CF23}.AppStore|iPhone.ActiveCfg = AppStore|iPhone
		{927B1AE2-CFFA-489E-BEC8-6F540764CF23}.AppStore|iPhone.Build.0 = AppStore|iPhone
		{927B1AE2-CFFA-489E-BEC8-6F540764CF23}.AppStore|iPhoneSimulator.ActiveCfg = AppStore|iPhoneSimulator
		{927B1AE2-CFFA-489E-BEC8-6F540764CF23}.AppStore|iPhoneSimulator.Build.0 = AppStore|iPhoneSimulator
		{927B1AE2-CFFA-489E-BEC8-6F540764CF23}.AppStore|x64.ActiveCfg = AppStore|iPhone
		{927B1AE2-CFFA-489E-BEC8-6F540764CF23}.AppStore|x86.ActiveCfg = AppStore|iPhone
		{927B1AE2-CFFA-489E-BEC8-6F540764CF23}.Debug|Any CPU.ActiveCfg = Debug|iPhone
		{927B1AE2-CFFA-489E-BEC8-6F540764CF23}.Debug|ARM.ActiveCfg = Debug|iPhone
		{927B1AE2-CFFA-489E-BEC8-6F540764CF23}.Debug|iPhone.ActiveCfg = Debug|iPhone
		{927B1AE2-CFFA-489E-BEC8-6F540764CF23}.Debug|iPhone.Build.0 = Debug|iPhone
		{927B1AE2-CFFA-489E-BEC8-6F540764CF23}.Debug|iPhoneSimulator.ActiveCfg = Debug|iPhoneSimulator
		{927B1AE2-CFFA-489E-BEC8-6F540764CF23}.Debug|iPhoneSimulator.Build.0 = Debug|iPhoneSimulator
		{927B1AE2-CFFA-489E-BEC8-6F540764CF23}.Debug|x64.ActiveCfg = Debug|iPhone
		{927B1AE2-CFFA-489E-BEC8-6F540764CF23}.Debug|x86.ActiveCfg = Debug|iPhone
		{927B1AE2-CFFA-489E-BEC8-6F540764CF23}.Release|Any CPU.ActiveCfg = Release|iPhone
		{927B1AE2-CFFA-489E-BEC8-6F540764CF23}.Release|ARM.ActiveCfg = Release|iPhone
		{927B1AE2-CFFA-489E-BEC8-6F540764CF23}.Release|iPhone.ActiveCfg = Release|iPhone
		{927B1AE2-CFFA-489E-BEC8-6F540764CF23}.Release|iPhone.Build.0 = Release|iPhone
		{927B1AE2-CFFA-489E-BEC8-6F540764CF23}.Release|iPhoneSimulator.ActiveCfg = Release|iPhoneSimulator
		{927B1AE2-CFFA-489E-BEC8-6F540764CF23}.Release|iPhoneSimulator.Build.0 = Release|iPhoneSimulator
		{927B1AE2-CFFA-489E-BEC8-6F540764CF23}.Release|x64.ActiveCfg = Release|iPhone
		{927B1AE2-CFFA-489E-BEC8-6F540764CF23}.Release|x86.ActiveCfg = Release|iPhone
		{77208954-3BCF-4F19-A039-C79DE591C45C}.Ad-Hoc|Any CPU.ActiveCfg = Release|x86
		{77208954-3BCF-4F19-A039-C79DE591C45C}.Ad-Hoc|Any CPU.Build.0 = Release|x86
		{77208954-3BCF-4F19-A039-C79DE591C45C}.Ad-Hoc|Any CPU.Deploy.0 = Release|x86
		{77208954-3BCF-4F19-A039-C79DE591C45C}.Ad-Hoc|ARM.ActiveCfg = Release|ARM
		{77208954-3BCF-4F19-A039-C79DE591C45C}.Ad-Hoc|ARM.Build.0 = Release|ARM
		{77208954-3BCF-4F19-A039-C79DE591C45C}.Ad-Hoc|ARM.Deploy.0 = Release|ARM
		{77208954-3BCF-4F19-A039-C79DE591C45C}.Ad-Hoc|iPhone.ActiveCfg = Release|x86
		{77208954-3BCF-4F19-A039-C79DE591C45C}.Ad-Hoc|iPhone.Build.0 = Release|x86
		{77208954-3BCF-4F19-A039-C79DE591C45C}.Ad-Hoc|iPhone.Deploy.0 = Release|x86
		{77208954-3BCF-4F19-A039-C79DE591C45C}.Ad-Hoc|iPhoneSimulator.ActiveCfg = Release|x86
		{77208954-3BCF-4F19-A039-C79DE591C45C}.Ad-Hoc|iPhoneSimulator.Build.0 = Release|x86
		{77208954-3BCF-4F19-A039-C79DE591C45C}.Ad-Hoc|iPhoneSimulator.Deploy.0 = Release|x86
		{77208954-3BCF-4F19-A039-C79DE591C45C}.Ad-Hoc|x64.ActiveCfg = Release|x64
		{77208954-3BCF-4F19-A039-C79DE591C45C}.Ad-Hoc|x64.Build.0 = Release|x64
		{77208954-3BCF-4F19-A039-C79DE591C45C}.Ad-Hoc|x64.Deploy.0 = Release|x64
		{77208954-3BCF-4F19-A039-C79DE591C45C}.Ad-Hoc|x86.ActiveCfg = Release|x86
		{77208954-3BCF-4F19-A039-C79DE591C45C}.Ad-Hoc|x86.Build.0 = Release|x86
		{77208954-3BCF-4F19-A039-C79DE591C45C}.Ad-Hoc|x86.Deploy.0 = Release|x86
		{77208954-3BCF-4F19-A039-C79DE591C45C}.AppStore|Any CPU.ActiveCfg = Release|x86
		{77208954-3BCF-4F19-A039-C79DE591C45C}.AppStore|Any CPU.Build.0 = Release|x86
		{77208954-3BCF-4F19-A039-C79DE591C45C}.AppStore|Any CPU.Deploy.0 = Release|x86
		{77208954-3BCF-4F19-A039-C79DE591C45C}.AppStore|ARM.ActiveCfg = Release|ARM
		{77208954-3BCF-4F19-A039-C79DE591C45C}.AppStore|ARM.Build.0 = Release|ARM
		{77208954-3BCF-4F19-A039-C79DE591C45C}.AppStore|ARM.Deploy.0 = Release|ARM
		{77208954-3BCF-4F19-A039-C79DE591C45C}.AppStore|iPhone.ActiveCfg = Release|x86
		{77208954-3BCF-4F19-A039-C79DE591C45C}.AppStore|iPhone.Build.0 = Release|x86
		{77208954-3BCF-4F19-A039-C79DE591C45C}.AppStore|iPhone.Deploy.0 = Release|x86
		{77208954-3BCF-4F19-A039-C79DE591C45C}.AppStore|iPhoneSimulator.ActiveCfg = Release|x86
		{77208954-3BCF-4F19-A039-C79DE591C45C}.AppStore|iPhoneSimulator.Build.0 = Release|x86
		{77208954-3BCF-4F19-A039-C79DE591C45C}.AppStore|iPhoneSimulator.Deploy.0 = Release|x86
		{77208954-3BCF-4F19-A039-C79DE591C45C}.AppStore|x64.ActiveCfg = Release|x64
		{77208954-3BCF-4F19-A039-C79DE591C45C}.AppStore|x64.Build.0 = Release|x64
		{77208954-3BCF-4F19-A039-C79DE591C45C}.AppStore|x64.Deploy.0 = Release|x64
		{77208954-3BCF-4F19-A039-C79DE591C45C}.AppStore|x86.ActiveCfg = Release|x86
		{77208954-3BCF-4F19-A039-C79DE591C45C}.AppStore|x86.Build.0 = Release|x86
		{77208954-3BCF-4F19-A039-C79DE591C45C}.AppStore|x86.Deploy.0 = Release|x86
		{77208954-3BCF-4F19-A039-C79DE591C45C}.Debug|Any CPU.ActiveCfg = Debug|x86
		{77208954-3BCF-4F19-A039-C79DE591C45C}.Debug|Any CPU.Build.0 = Debug|x86
		{77208954-3BCF-4F19-A039-C79DE591C45C}.Debug|Any CPU.Deploy.0 = Debug|x86
		{77208954-3BCF-4F19-A039-C79DE591C45C}.Debug|ARM.ActiveCfg = Debug|ARM
		{77208954-3BCF-4F19-A039-C79DE591C45C}.Debug|ARM.Build.0 = Debug|ARM
		{77208954-3BCF-4F19-A039-C79DE591C45C}.Debug|ARM.Deploy.0 = Debug|ARM
		{77208954-3BCF-4F19-A039-C79DE591C45C}.Debug|iPhone.ActiveCfg = Debug|x86
		{77208954-3BCF-4F19-A039-C79DE591C45C}.Debug|iPhoneSimulator.ActiveCfg = Debug|x86
		{77208954-3BCF-4F19-A039-C79DE591C45C}.Debug|x64.ActiveCfg = Debug|x64
		{77208954-3BCF-4F19-A039-C79DE591C45C}.Debug|x64.Build.0 = Debug|x64
		{77208954-3BCF-4F19-A039-C79DE591C45C}.Debug|x64.Deploy.0 = Debug|x64
		{77208954-3BCF-4F19-A039-C79DE591C45C}.Debug|x86.ActiveCfg = Debug|x86
		{77208954-3BCF-4F19-A039-C79DE591C45C}.Debug|x86.Build.0 = Debug|x86
		{77208954-3BCF-4F19-A039-C79DE591C45C}.Debug|x86.Deploy.0 = Debug|x86
		{77208954-3BCF-4F19-A039-C79DE591C45C}.Release|Any CPU.ActiveCfg = Release|x86
		{77208954-3BCF-4F19-A039-C79DE591C45C}.Release|ARM.ActiveCfg = Release|ARM
		{77208954-3BCF-4F19-A039-C79DE591C45C}.Release|ARM.Build.0 = Release|ARM
		{77208954-3BCF-4F19-A039-C79DE591C45C}.Release|ARM.Deploy.0 = Release|ARM
		{77208954-3BCF-4F19-A039-C79DE591C45C}.Release|iPhone.ActiveCfg = Release|x86
		{77208954-3BCF-4F19-A039-C79DE591C45C}.Release|iPhoneSimulator.ActiveCfg = Release|x86
		{77208954-3BCF-4F19-A039-C79DE591C45C}.Release|x64.ActiveCfg = Release|x64
		{77208954-3BCF-4F19-A039-C79DE591C45C}.Release|x64.Build.0 = Release|x64
		{77208954-3BCF-4F19-A039-C79DE591C45C}.Release|x64.Deploy.0 = Release|x64
		{77208954-3BCF-4F19-A039-C79DE591C45C}.Release|x86.ActiveCfg = Release|x86
		{77208954-3BCF-4F19-A039-C79DE591C45C}.Release|x86.Build.0 = Release|x86
		{77208954-3BCF-4F19-A039-C79DE591C45C}.Release|x86.Deploy.0 = Release|x86
	EndGlobalSection
	GlobalSection(SolutionProperties) = preSolution
		HideSolutionNode = FALSE
	EndGlobalSection
EndGlobal
